Microsoft Visual Studio Solution File, Format Version 12.00
# Visual Studio Version 17
VisualStudioVersion = 17.5.2.0
MinimumVisualStudioVersion = 10.0.40219.1
Project("{FAE04EC0-301F-11D3-BF4B-00C04F79EFBC}") = "NotifApp", "NotifApp.csproj", "{BA6EBE1F-8B27-E9A7-5232-5F78730E5DB8}"
EndProject
Global
	GlobalSection(SolutionConfigurationPlatforms) = preSolution
		Debug|Any CPU = Debug|Any CPU
		Release|Any CPU = Release|Any CPU
	EndGlobalSection
	GlobalSection(ProjectConfigurationPlatforms) = postSolution
		{BA6EBE1F-8B27-E9A7-5232-5F78730E5DB8}.Debug|Any CPU.ActiveCfg = Debug|Any CPU
		{BA6EBE1F-8B27-E9A7-5232-5F78730E5DB8}.Debug|Any CPU.Build.0 = Debug|Any CPU
		{BA6EBE1F-8B27-E9A7-5232-5F78730E5DB8}.Release|Any CPU.ActiveCfg = Release|Any CPU
		{BA6EBE1F-8B27-E9A7-5232-5F78730E5DB8}.Release|Any CPU.Build.0 = Release|Any CPU
	EndGlobalSection
	GlobalSection(SolutionProperties) = preSolution
		HideSolutionNode = FALSE
	EndGlobalSection
	GlobalSection(ExtensibilityGlobals) = postSolution
		SolutionGuid = {D080C403-166F-4186-BBEB-580D9AF72A39}
	EndGlobalSection
EndGlobal
